<Solution>
  <Project Path="src/APS.Domain/APS.Domain.csproj" />
  <Project Path="src/APS.Application/APS.Application.csproj" />
  <Project Path="src/APS.Planning/APS.Planning.csproj" />
  <Project Path="src/APS.Infrastructure/APS.Infrastructure.csproj" />
  <Project Path="src/APS.UI/APS.UI.csproj" />
  <Project Path="src/APS.Service/APS.Service.csproj" />
  <Project Path="src/APS.DesktopHost/APS.DesktopHost.csproj" />
  <Project Path="tests/APS.Architecture.Tests/APS.Architecture.Tests.csproj" />
  <Project Path="tests/APS.Infrastructure.Tests/APS.Infrastructure.Tests.csproj" />
  <Project Path="tests/APS.Planning.Tests/APS.Planning.Tests.csproj" />
  <Project Path="tests/APS.UI.Tests/APS.UI.Tests.csproj" />
</Solution>
